Microsoft Visual Studio Solution File, Format Version 12.00
# Visual Studio 2012
Project("{FAE04EC0-301F-11D3-BF4B-00C04F79EFBC}") = "slack-export-parser", "slack-export-parser.csproj", "{EBAC3E3C-B698-4AB9-9A98-E238ABECFBD0}"
EndProject
Global
	GlobalSection(SolutionConfigurationPlatforms) = preSolution
	Debug|Any CPU = Debug|Any CPU
	ExportDebug|Any CPU = ExportDebug|Any CPU
	ExportRelease|Any CPU = ExportRelease|Any CPU
	EndGlobalSection
	GlobalSection(ProjectConfigurationPlatforms) = postSolution
		{EBAC3E3C-B698-4AB9-9A98-E238ABECFBD0}.Debug|Any CPU.ActiveCfg = Debug|Any CPU
		{EBAC3E3C-B698-4AB9-9A98-E238ABECFBD0}.Debug|Any CPU.Build.0 = Debug|Any CPU
		{EBAC3E3C-B698-4AB9-9A98-E238ABECFBD0}.ExportDebug|Any CPU.ActiveCfg = ExportDebug|Any CPU
		{EBAC3E3C-B698-4AB9-9A98-E238ABECFBD0}.ExportDebug|Any CPU.Build.0 = ExportDebug|Any CPU
		{EBAC3E3C-B698-4AB9-9A98-E238ABECFBD0}.ExportRelease|Any CPU.ActiveCfg = ExportRelease|Any CPU
		{EBAC3E3C-B698-4AB9-9A98-E238ABECFBD0}.ExportRelease|Any CPU.Build.0 = ExportRelease|Any CPU
	EndGlobalSection
EndGlobal
